
Microsoft Visual Studio Solution File, Format Version 12.00
Project("{2150E333-8FDC-42A3-9474-1A3956D46DE8}") = "Core", "Core", "{7C97AC10-E1B1-41BF-9A4E-A3DE17D3D52B}"
EndProject
Project("{FAE04EC0-301F-11D3-BF4B-00C04F79EFBC}") = "CarBook.Domain", "CarBook.Domain\CarBook.Domain.csproj", "{D4C9DEFC-5937-4FA1-B9F9-F369F3910BB2}"
EndProject
Global
	GlobalSection(SolutionConfigurationPlatforms) = preSolution
		Debug|Any CPU = Debug|Any CPU
		Release|Any CPU = Release|Any CPU
	EndGlobalSection
	GlobalSection(NestedProjects) = preSolution
		{D4C9DEFC-5937-4FA1-B9F9-F369F3910BB2} = {7C97AC10-E1B1-41BF-9A4E-A3DE17D3D52B}
	EndGlobalSection
	GlobalSection(ProjectConfigurationPlatforms) = postSolution
		{D4C9DEFC-5937-4FA1-B9F9-F369F3910BB2}.Debug|Any CPU.ActiveCfg = Debug|Any CPU
		{D4C9DEFC-5937-4FA1-B9F9-F369F3910BB2}.Debug|Any CPU.Build.0 = Debug|Any CPU
		{D4C9DEFC-5937-4FA1-B9F9-F369F3910BB2}.Release|Any CPU.ActiveCfg = Release|Any CPU
		{D4C9DEFC-5937-4FA1-B9F9-F369F3910BB2}.Release|Any CPU.Build.0 = Release|Any CPU
	EndGlobalSection
EndGlobal
