
Microsoft Visual Studio Solution File, Format Version 12.00
Project("{2150E333-8FDC-42A3-9474-1A3956D46DE8}") = "Core", "Core", "{7C97AC10-E1B1-41BF-9A4E-A3DE17D3D52B}"
EndProject
Project("{FAE04EC0-301F-11D3-BF4B-00C04F79EFBC}") = "CarBook.Domain", "CarBook.Domain\CarBook.Domain.csproj", "{531FC655-1208-41C5-93FE-858A801DE14C}"
EndProject
Global
	GlobalSection(SolutionConfigurationPlatforms) = preSolution
		Debug|Any CPU = Debug|Any CPU
		Release|Any CPU = Release|Any CPU
	EndGlobalSection
	GlobalSection(NestedProjects) = preSolution
		{531FC655-1208-41C5-93FE-858A801DE14C} = {7C97AC10-E1B1-41BF-9A4E-A3DE17D3D52B}
	EndGlobalSection
	GlobalSection(ProjectConfigurationPlatforms) = postSolution
		{531FC655-1208-41C5-93FE-858A801DE14C}.Debug|Any CPU.ActiveCfg = Debug|Any CPU
		{531FC655-1208-41C5-93FE-858A801DE14C}.Debug|Any CPU.Build.0 = Debug|Any CPU
		{531FC655-1208-41C5-93FE-858A801DE14C}.Release|Any CPU.ActiveCfg = Release|Any CPU
		{531FC655-1208-41C5-93FE-858A801DE14C}.Release|Any CPU.Build.0 = Release|Any CPU
	EndGlobalSection
EndGlobal
